// !$*UTF8*$!
{
	archiveVersion = 1;
	classes = {
	};
	objectVersion = 48;
	objects = {

/* Begin PBXBuildFile section */
		8E3366A72008FACF00248927 /* AppDelegate.swift in Sources */ = {isa = PBXBuildFile; fileRef = 8E3366A62008FACF00248927 /* AppDelegate.swift */; };
		8E3366A92008FACF00248927 /* ViewController.swift in Sources */ = {isa = PBXBuildFile; fileRef = 8E3366A82008FACF00248927 /* ViewController.swift */; };
		8E3366AC2008FACF00248927 /* Main.storyboard in Resources */ = {isa = PBXBuildFile; fileRef = 8E3366AA2008FACF00248927 /* Main.storyboard */; };
		8E3366AE2008FACF00248927 /* Assets.xcassets in Resources */ = {isa = PBXBuildFile; fileRef = 8E3366AD2008FACF00248927 /* Assets.xcassets */; };
		8E3366B12008FACF00248927 /* LaunchScreen.storyboard in Resources */ = {isa = PBXBuildFile; fileRef = 8E3366AF2008FACF00248927 /* LaunchScreen.storyboard */; };
		8E3366BC2008FACF00248927 /* RecordSampleTests.swift in Sources */ = {isa = PBXBuildFile; fileRef = 8E3366BB2008FACF00248927 /* RecordSampleTests.swift */; };
		8E3366C72008FACF00248927 /* RecordSampleUITests.swift in Sources */ = {isa = PBXBuildFile; fileRef = 8E3366C62008FACF00248927 /* RecordSampleUITests.swift */; };
		8ED3B1A82009036A004A284A /* Sp106-001.mp3 in Resources */ = {isa = PBXBuildFile; fileRef = 8ED3B1A720090369004A284A /* Sp106-001.mp3 */; };
		8ED3B1AB2009F811004A284A /* sp106 in Resources */ = {isa = PBXBuildFile; fileRef = 8ED3B1AA2009F811004A284A /* sp106 */; };
/* End PBXBuildFile section */

/* Begin PBXContainerItemProxy section */
		8E3366B82008FACF00248927 /* PBXContainerItemProxy */ = {
			isa = PBXContainerItemProxy;
			containerPortal = 8E33669B2008FACF00248927 /* Project object */;
			proxyType = 1;
			remoteGlobalIDString = 8E3366A22008FACF00248927;
			remoteInfo = RecordSample;
		};
		8E3366C32008FACF00248927 /* PBXContainerItemProxy */ = {
			isa = PBXContainerItemProxy;
			containerPortal = 8E33669B2008FACF00248927 /* Project object */;
			proxyType = 1;
			remoteGlobalIDString = 8E3366A22008FACF00248927;
			remoteInfo = RecordSample;
		};
/* End PBXContainerItemProxy section */

/* Begin PBXFileReference section */
		8E3366A32008FACF00248927 /* RecordSample.app */ = {isa = PBXFileReference; explicitFileType = wrapper.application; includeInIndex = 0; path = RecordSample.app; sourceTree = BUILT_PRODUCTS_DIR; };
		8E3366A62008FACF00248927 /* AppDelegate.swift */ = {isa = PBXFileReference; lastKnownFileType = sourcecode.swift; path = AppDelegate.swift; sourceTree = "<group>"; };
		8E3366A82008FACF00248927 /* ViewController.swift */ = {isa = PBXFileReference; lastKnownFileType = sourcecode.swift; path = ViewController.swift; sourceTree = "<group>"; };
		8E3366AB2008FACF00248927 /* Base */ = {isa = PBXFileReference; lastKnownFileType = file.storyboard; name = Base; path = Base.lproj/Main.storyboard; sourceTree = "<group>"; };
		8E3366AD2008FACF00248927 /* Assets.xcassets */ = {isa = PBXFileReference; lastKnownFileType = folder.assetcatalog; path = Assets.xcassets; sourceTree = "<group>"; };
		8E3366B02008FACF00248927 /* Base */ = {isa = PBXFileReference; lastKnownFileType = file.storyboard; name = Base; path = Base.lproj/LaunchScreen.storyboard; sourceTree = "<group>"; };
		8E3366B22008FACF00248927 /* Info.plist */ = {isa = PBXFileReference; lastKnownFileType = text.plist.xml; path = Info.plist; sourceTree = "<group>"; };
		8E3366B72008FACF00248927 /* RecordSampleTests.xctest */ = {isa = PBXFileReference; explicitFileType = wrapper.cfbundle; includeInIndex = 0; path = RecordSampleTests.xctest; sourceTree = BUILT_PRODUCTS_DIR; };
		8E3366BB2008FACF00248927 /* RecordSampleTests.swift */ = {isa = PBXFileReference; lastKnownFileType = sourcecode.swift; path = RecordSampleTests.swift; sourceTree = "<group>"; };
		8E3366BD2008FACF00248927 /* Info.plist */ = {isa = PBXFileReference; lastKnownFileType = text.plist.xml; path = Info.plist; sourceTree = "<group>"; };
		8E3366C22008FACF00248927 /* RecordSampleUITests.xctest */ = {isa = PBXFileReference; explicitFileType = wrapper.cfbundle; includeInIndex = 0; path = RecordSampleUITests.xctest; sourceTree = BUILT_PRODUCTS_DIR; };
		8E3366C62008FACF00248927 /* RecordSampleUITests.swift */ = {isa = PBXFileReference; lastKnownFileType = sourcecode.swift; path = RecordSampleUITests.swift; sourceTree = "<group>"; };
		8E3366C82008FACF00248927 /* Info.plist */ = {isa = PBXFileReference; lastKnownFileType = text.plist.xml; path = Info.plist; sourceTree = "<group>"; };
		8ED3B1A720090369004A284A /* Sp106-001.mp3 */ = {isa = PBXFileReference; lastKnownFileType = audio.mp3; path = "Sp106-001.mp3"; sourceTree = "<group>"; };
		8ED3B1AA2009F811004A284A /* sp106 */ = {isa = PBXFileReference; lastKnownFileType = folder; path = sp106; sourceTree = "<group>"; };
/* End PBXFileReference section */

/* Begin PBXFrameworksBuildPhase section */
		8E3366A02008FACF00248927 /* Frameworks */ = {
			isa = PBXFrameworksBuildPhase;
			buildActionMask = 2147483647;
			files = (
			);
			runOnlyForDeploymentPostprocessing = 0;
		};
		8E3366B42008FACF00248927 /* Frameworks */ = {
			isa = PBXFrameworksBuildPhase;
			buildActionMask = 2147483647;
			files = (
			);
			runOnlyForDeploymentPostprocessing = 0;
		};
		8E3366BF2008FACF00248927 /* Frameworks */ = {
			isa = PBXFrameworksBuildPhase;
			buildActionMask = 2147483647;
			files = (
			);
			runOnlyForDeploymentPostprocessing = 0;
		};
/* End PBXFrameworksBuildPhase section */

/* Begin PBXGroup section */
		8E33669A2008FACF00248927 = {
			isa = PBXGroup;
			children = (
				8E3366A52008FACF00248927 /* RecordSample */,
				8E3366BA2008FACF00248927 /* RecordSampleTests */,
				8E3366C52008FACF00248927 /* RecordSampleUITests */,
				8E3366A42008FACF00248927 /* Products */,
			);
			sourceTree = "<group>";
		};
		8E3366A42008FACF00248927 /* Products */ = {
			isa = PBXGroup;
			children = (
				8E3366A32008FACF00248927 /* RecordSample.app */,
				8E3366B72008FACF00248927 /* RecordSampleTests.xctest */,
				8E3366C22008FACF00248927 /* RecordSampleUITests.xctest */,
			);
			name = Products;
			sourceTree = "<group>";
		};
		8E3366A52008FACF00248927 /* RecordSample */ = {
			isa = PBXGroup;
			children = (
				8ED3B1AA2009F811004A284A /* sp106 */,
				8ED3B1A720090369004A284A /* Sp106-001.mp3 */,
				8E3366A62008FACF00248927 /* AppDelegate.swift */,
				8E3366A82008FACF00248927 /* ViewController.swift */,
				8E3366AA2008FACF00248927 /* Main.storyboard */,
				8E3366AD2008FACF00248927 /* Assets.xcassets */,
				8E3366AF2008FACF00248927 /* LaunchScreen.storyboard */,
				8E3366B22008FACF00248927 /* Info.plist */,
			);
			path = RecordSample;
			sourceTree = "<group>";
		};
		8E3366BA2008FACF00248927 /* RecordSampleTests */ = {
			isa = PBXGroup;
			children = (
				8E3366BB2008FACF00248927 /* RecordSampleTests.swift */,
				8E3366BD2008FACF00248927 /* Info.plist */,
			);
			path = RecordSampleTests;
			sourceTree = "<group>";
		};
		8E3366C52008FACF00248927 /* RecordSampleUITests */ = {
			isa = PBXGroup;
			children = (
				8E3366C62008FACF00248927 /* RecordSampleUITests.swift */,
				8E3366C82008FACF00248927 /* Info.plist */,
			);
			path = RecordSampleUITests;
			sourceTree = "<group>";
		};
/* End PBXGroup section */

/* Begin PBXNativeTarget section */
		8E3366A22008FACF00248927 /* RecordSample */ = {
			isa = PBXNativeTarget;
			buildConfigurationList = 8E3366CB2008FACF00248927 /* Build configuration list for PBXNativeTarget "RecordSample" */;
			buildPhases = (
				8E33669F2008FACF00248927 /* Sources */,
				8E3366A02008FACF00248927 /* Frameworks */,
				8E3366A12008FACF00248927 /* Resources */,
			);
			buildRules = (
			);
			dependencies = (
			);
			name = RecordSample;
			productName = RecordSample;
			productReference = 8E3366A32008FACF00248927 /* RecordSample.app */;
			productType = "com.apple.product-type.application";
		};
		8E3366B62008FACF00248927 /* RecordSampleTests */ = {
			isa = PBXNativeTarget;
			buildConfigurationList = 8E3366CE2008FACF00248927 /* Build configuration list for PBXNativeTarget "RecordSampleTests" */;
			buildPhases = (
				8E3366B32008FACF00248927 /* Sources */,
				8E3366B42008FACF00248927 /* Frameworks */,
				8E3366B52008FACF00248927 /* Resources */,
			);
			buildRules = (
			);
			dependencies = (
				8E3366B92008FACF00248927 /* PBXTargetDependency */,
			);
			name = RecordSampleTests;
			productName = RecordSampleTests;
			productReference = 8E3366B72008FACF00248927 /* RecordSampleTests.xctest */;
			productType = "com.apple.product-type.bundle.unit-test";
		};
		8E3366C12008FACF00248927 /* RecordSampleUITests */ = {
			isa = PBXNativeTarget;
			buildConfigurationList = 8E3366D12008FACF00248927 /* Build configuration list for PBXNativeTarget "RecordSampleUITests" */;
			buildPhases = (
				8E3366BE2008FACF00248927 /* Sources */,
				8E3366BF2008FACF00248927 /* Frameworks */,
				8E3366C02008FACF00248927 /* Resources */,
			);
			buildRules = (
			);
			dependencies = (
				8E3366C42008FACF00248927 /* PBXTargetDependency */,
			);
			name = RecordSampleUITests;
			productName = RecordSampleUITests;
			productReference = 8E3366C22008FACF00248927 /* RecordSampleUITests.xctest */;
			productType = "com.apple.product-type.bundle.ui-testing";
		};
/* End PBXNativeTarget section */

/* Begin PBXProject section */
		8E33669B2008FACF00248927 /* Project object */ = {
			isa = PBXProject;
			attributes = {
				LastSwiftUpdateCheck = 0920;
				LastUpgradeCheck = 0920;
				ORGANIZATIONNAME = solulink;
				TargetAttributes = {
					8E3366A22008FACF00248927 = {
						CreatedOnToolsVersion = 9.2;
						ProvisioningStyle = Automatic;
					};
					8E3366B62008FACF00248927 = {
						CreatedOnToolsVersion = 9.2;
						ProvisioningStyle = Automatic;
						TestTargetID = 8E3366A22008FACF00248927;
					};
					8E3366C12008FACF00248927 = {
						CreatedOnToolsVersion = 9.2;
						ProvisioningStyle = Automatic;
						TestTargetID = 8E3366A22008FACF00248927;
					};
				};
			};
			buildConfigurationList = 8E33669E2008FACF00248927 /* Build configuration list for PBXProject "RecordSample" */;
			compatibilityVersion = "Xcode 8.0";
			developmentRegion = en;
			hasScannedForEncodings = 0;
			knownRegions = (
				en,
				Base,
			);
			mainGroup = 8E33669A2008FACF00248927;
			productRefGroup = 8E3366A42008FACF00248927 /* Products */;
			projectDirPath = "";
			projectRoot = "";
			targets = (
				8E3366A22008FACF00248927 /* RecordSample */,
				8E3366B62008FACF00248927 /* RecordSampleTests */,
				8E3366C12008FACF00248927 /* RecordSampleUITests */,
			);
		};
/* End PBXProject section */

/* Begin PBXResourcesBuildPhase section */
		8E3366A12008FACF00248927 /* Resources */ = {
			isa = PBXResourcesBuildPhase;
			buildActionMask = 2147483647;
			files = (
				8E3366B12008FACF00248927 /* LaunchScreen.storyboard in Resources */,
				8ED3B1AB2009F811004A284A /* sp106 in Resources */,
				8E3366AE2008FACF00248927 /* Assets.xcassets in Resources */,
				8E3366AC2008FACF00248927 /* Main.storyboard in Resources */,
				8ED3B1A82009036A004A284A /* Sp106-001.mp3 in Resources */,
			);
			runOnlyForDeploymentPostprocessing = 0;
		};
		8E3366B52008FACF00248927 /* Resources */ = {
			isa = PBXResourcesBuildPhase;
			buildActionMask = 2147483647;
			files = (
			);
			runOnlyForDeploymentPostprocessing = 0;
		};
		8E3366C02008FACF00248927 /* Resources */ = {
			isa = PBXResourcesBuildPhase;
			buildActionMask = 2147483647;
			files = (
			);
			runOnlyForDeploymentPostprocessing = 0;
		};
/* End PBXResourcesBuildPhase section */

/* Begin PBXSourcesBuildPhase section */
		8E33669F2008FACF00248927 /* Sources */ = {
			isa = PBXSourcesBuildPhase;
			buildActionMask = 2147483647;
			files = (
				8E3366A92008FACF00248927 /* ViewController.swift in Sources */,
				8E3366A72008FACF00248927 /* AppDelegate.swift in Sources */,
			);
			runOnlyForDeploymentPostprocessing = 0;
		};
		8E3366B32008FACF00248927 /* Sources */ = {
			isa = PBXSourcesBuildPhase;
			buildActionMask = 2147483647;
			files = (
				8E3366BC2008FACF00248927 /* RecordSampleTests.swift in Sources */,
			);
			runOnlyForDeploymentPostprocessing = 0;
		};
		8E3366BE2008FACF00248927 /* Sources */ = {
			isa = PBXSourcesBuildPhase;
			buildActionMask = 2147483647;
			files = (
				8E3366C72008FACF00248927 /* RecordSampleUITests.swift in Sources */,
			);
			runOnlyForDeploymentPostprocessing = 0;
		};
/* End PBXSourcesBuildPhase section */

/* Begin PBXTargetDependency section */
		8E3366B92008FACF00248927 /* PBXTargetDependency */ = {
			isa = PBXTargetDependency;
			target = 8E3366A22008FACF00248927 /* RecordSample */;
			targetProxy = 8E3366B82008FACF00248927 /* PBXContainerItemProxy */;
		};
		8E3366C42008FACF00248927 /* PBXTargetDependency */ = {
			isa = PBXTargetDependency;
			target = 8E3366A22008FACF00248927 /* RecordSample */;
			targetProxy = 8E3366C32008FACF00248927 /* PBXContainerItemProxy */;
		};
/* End PBXTargetDependency section */

/* Begin PBXVariantGroup section */
		8E3366AA2008FACF00248927 /* Main.storyboard */ = {
			isa = PBXVariantGroup;
			children = (
				8E3366AB2008FACF00248927 /* Base */,
			);
			name = Main.storyboard;
			sourceTree = "<group>";
		};
		8E3366AF2008FACF00248927 /* LaunchScreen.storyboard */ = {
			isa = PBXVariantGroup;
			children = (
				8E3366B02008FACF00248927 /* Base */,
			);
			name = LaunchScreen.storyboard;
			sourceTree = "<group>";
		};
/* End PBXVariantGroup section */

/* Begin XCBuildConfiguration section */
		8E3366C92008FACF00248927 /* Debug */ = {
			isa = XCBuildConfiguration;
			buildSettings = {
				ALWAYS_SEARCH_USER_PATHS = NO;
				CLANG_ANALYZER_NONNULL = YES;
				CLANG_ANALYZER_NUMBER_OBJECT_CONVERSION = YES_AGGRESSIVE;
				CLANG_CXX_LANGUAGE_STANDARD = "gnu++14";
				CLANG_CXX_LIBRARY = "libc++";
				CLANG_ENABLE_MODULES = YES;
				CLANG_ENABLE_OBJC_ARC = YES;
				CLANG_WARN_BLOCK_CAPTURE_AUTORELEASING = YES;
				CLANG_WARN_BOOL_CONVERSION = YES;
				CLANG_WARN_COMMA = YES;
				CLANG_WARN_CONSTANT_CONVERSION = YES;
				CLANG_WARN_DIRECT_OBJC_ISA_USAGE = YES_ERROR;
				CLANG_WARN_DOCUMENTATION_COMMENTS = YES;
				CLANG_WARN_EMPTY_BODY = YES;
				CLANG_WARN_ENUM_CONVERSION = YES;
				CLANG_WARN_INFINITE_RECURSION = YES;
				CLANG_WARN_INT_CONVERSION = YES;
				CLANG_WARN_NON_LITERAL_NULL_CONVERSION = YES;
				CLANG_WARN_OBJC_LITERAL_CONVERSION = YES;
				CLANG_WARN_OBJC_ROOT_CLASS = YES_ERROR;
				CLANG_WARN_RANGE_LOOP_ANALYSIS = YES;
				CLANG_WARN_STRICT_PROTOTYPES = YES;
				CLANG_WARN_SUSPICIOUS_MOVE = YES;
				CLANG_WARN_UNGUARDED_AVAILABILITY = YES_AGGRESSIVE;
				CLANG_WARN_UNREACHABLE_CODE = YES;
				CLANG_WARN__DUPLICATE_METHOD_MATCH = YES;
				CODE_SIGN_IDENTITY = "iPhone Developer";
				COPY_PHASE_STRIP = NO;
				DEBUG_INFORMATION_FORMAT = dwarf;
				ENABLE_STRICT_OBJC_MSGSEND = YES;
				ENABLE_TESTABILITY = YES;
				GCC_C_LANGUAGE_STANDARD = gnu11;
				GCC_DYNAMIC_NO_PIC = NO;
				GCC_NO_COMMON_BLOCKS = YES;
				GCC_OPTIMIZATION_LEVEL = 0;
				GCC_PREPROCESSOR_DEFINITIONS = (
					"DEBUG=1",
					"$(inherited)",
				);
				GCC_WARN_64_TO_32_BIT_CONVERSION = YES;
				GCC_WARN_ABOUT_RETURN_TYPE = YES_ERROR;
				GCC_WARN_UNDECLARED_SELECTOR = YES;
				GCC_WARN_UNINITIALIZED_AUTOS = YES_AGGRESSIVE;
				GCC_WARN_UNUSED_FUNCTION = YES;
				GCC_WARN_UNUSED_VARIABLE = YES;
				IPHONEOS_DEPLOYMENT_TARGET = 11.2;
				MTL_ENABLE_DEBUG_INFO = YES;
				ONLY_ACTIVE_ARCH = YES;
				SDKROOT = iphoneos;
				SWIFT_ACTIVE_COMPILATION_CONDITIONS = DEBUG;
				SWIFT_OPTIMIZATION_LEVEL = "-Onone";
			};
			name = Debug;
		};
		8E3366CA2008FACF00248927 /* Release */ = {
			isa = XCBuildConfiguration;
			buildSettings = {
				ALWAYS_SEARCH_USER_PATHS = NO;
				CLANG_ANALYZER_NONNULL = YES;
				CLANG_ANALYZER_NUMBER_OBJECT_CONVERSION = YES_AGGRESSIVE;
				CLANG_CXX_LANGUAGE_STANDARD = "gnu++14";
				CLANG_CXX_LIBRARY = "libc++";
				CLANG_ENABLE_MODULES = YES;
				CLANG_ENABLE_OBJC_ARC = YES;
				CLANG_WARN_BLOCK_CAPTURE_AUTORELEASING = YES;
				CLANG_WARN_BOOL_CONVERSION = YES;
				CLANG_WARN_COMMA = YES;
				CLANG_WARN_CONSTANT_CONVERSION = YES;
				CLANG_WARN_DIRECT_OBJC_ISA_USAGE = YES_ERROR;
				CLANG_WARN_DOCUMENTATION_COMMENTS = YES;
				CLANG_WARN_EMPTY_BODY = YES;
				CLANG_WARN_ENUM_CONVERSION = YES;
				CLANG_WARN_INFINITE_RECURSION = YES;
				CLANG_WARN_INT_CONVERSION = YES;
				CLANG_WARN_NON_LITERAL_NULL_CONVERSION = YES;
				CLANG_WARN_OBJC_LITERAL_CONVERSION = YES;
				CLANG_WARN_OBJC_ROOT_CLASS = YES_ERROR;
				CLANG_WARN_RANGE_LOOP_ANALYSIS = YES;
				CLANG_WARN_STRICT_PROTOTYPES = YES;
				CLANG_WARN_SUSPICIOUS_MOVE = YES;
				CLANG_WARN_UNGUARDED_AVAILABILITY = YES_AGGRESSIVE;
				CLANG_WARN_UNREACHABLE_CODE = YES;
				CLANG_WARN__DUPLICATE_METHOD_MATCH = YES;
				CODE_SIGN_IDENTITY = "iPhone Developer";
				COPY_PHASE_STRIP = NO;
				DEBUG_INFORMATION_FORMAT = "dwarf-with-dsym";
				ENABLE_NS_ASSERTIONS = NO;
				ENABLE_STRICT_OBJC_MSGSEND = YES;
				GCC_C_LANGUAGE_STANDARD = gnu11;
				GCC_NO_COMMON_BLOCKS = YES;
				GCC_WARN_64_TO_32_BIT_CONVERSION = YES;
				GCC_WARN_ABOUT_RETURN_TYPE = YES_ERROR;
				GCC_WARN_UNDECLARED_SELECTOR = YES;
				GCC_WARN_UNINITIALIZED_AUTOS = YES_AGGRESSIVE;
				GCC_WARN_UNUSED_FUNCTION = YES;
				GCC_WARN_UNUSED_VARIABLE = YES;
				IPHONEOS_DEPLOYMENT_TARGET = 11.2;
				MTL_ENABLE_DEBUG_INFO = NO;
				SDKROOT = iphoneos;
				SWIFT_OPTIMIZATION_LEVEL = "-Owholemodule";
				VALIDATE_PRODUCT = YES;
			};
			name = Release;
		};
		8E3366CC2008FACF00248927 /* Debug */ = {
			isa = XCBuildConfiguration;
			buildSettings = {
				ASSETCATALOG_COMPILER_APPICON_NAME = AppIcon;
				CODE_SIGN_STYLE = Automatic;
				DEVELOPMENT_TEAM = QX8PX4LLE6;
				INFOPLIST_FILE = RecordSample/Info.plist;
				LD_RUNPATH_SEARCH_PATHS = "$(inherited) @executable_path/Frameworks";
				PRODUCT_BUNDLE_IDENTIFIER = kr.co.solulink.RecordSample;
				PRODUCT_NAME = "$(TARGET_NAME)";
				SWIFT_VERSION = 4.0;
				TARGETED_DEVICE_FAMILY = "1,2";
			};
			name = Debug;
		};
		8E3366CD2008FACF00248927 /* Release */ = {
			isa = XCBuildConfiguration;
			buildSettings = {
				ASSETCATALOG_COMPILER_APPICON_NAME = AppIcon;
				CODE_SIGN_STYLE = Automatic;
				DEVELOPMENT_TEAM = QX8PX4LLE6;
				INFOPLIST_FILE = RecordSample/Info.plist;
				LD_RUNPATH_SEARCH_PATHS = "$(inherited) @executable_path/Frameworks";
				PRODUCT_BUNDLE_IDENTIFIER = kr.co.solulink.RecordSample;
				PRODUCT_NAME = "$(TARGET_NAME)";
				SWIFT_VERSION = 4.0;
				TARGETED_DEVICE_FAMILY = "1,2";
			};
			name = Release;
		};
		8E3366CF2008FACF00248927 /* Debug */ = {
			isa = XCBuildConfiguration;
			buildSettings = {
				ALWAYS_EMBED_SWIFT_STANDARD_LIBRARIES = YES;
				BUNDLE_LOADER = "$(TEST_HOST)";
				CODE_SIGN_STYLE = Automatic;
				DEVELOPMENT_TEAM = QX8PX4LLE6;
				INFOPLIST_FILE = RecordSampleTests/Info.plist;
				LD_RUNPATH_SEARCH_PATHS = "$(inherited) @executable_path/Frameworks @loader_path/Frameworks";
				PRODUCT_BUNDLE_IDENTIFIER = kr.co.solulink.RecordSampleTests;
				PRODUCT_NAME = "$(TARGET_NAME)";
				SWIFT_VERSION = 4.0;
				TARGETED_DEVICE_FAMILY = "1,2";
				TEST_HOST = "$(BUILT_PRODUCTS_DIR)/RecordSample.app/RecordSample";
			};
			name = Debug;
		};
		8E3366D02008FACF00248927 /* Release */ = {
			isa = XCBuildConfiguration;
			buildSettings = {
				ALWAYS_EMBED_SWIFT_STANDARD_LIBRARIES = YES;
				BUNDLE_LOADER = "$(TEST_HOST)";
				CODE_SIGN_STYLE = Automatic;
				DEVELOPMENT_TEAM = QX8PX4LLE6;
				INFOPLIST_FILE = RecordSampleTests/Info.plist;
				LD_RUNPATH_SEARCH_PATHS = "$(inherited) @executable_path/Frameworks @loader_path/Frameworks";
				PRODUCT_BUNDLE_IDENTIFIER = kr.co.solulink.RecordSampleTests;
				PRODUCT_NAME = "$(TARGET_NAME)";
				SWIFT_VERSION = 4.0;
				TARGETED_DEVICE_FAMILY = "1,2";
				TEST_HOST = "$(BUILT_PRODUCTS_DIR)/RecordSample.app/RecordSample";
			};
			name = Release;
		};
		8E3366D22008FACF00248927 /* Debug */ = {
			isa = XCBuildConfiguration;
			buildSettings = {
				ALWAYS_EMBED_SWIFT_STANDARD_LIBRARIES = YES;
				CODE_SIGN_STYLE = Automatic;
				DEVELOPMENT_TEAM = QX8PX4LLE6;
				INFOPLIST_FILE = RecordSampleUITests/Info.plist;
				LD_RUNPATH_SEARCH_PATHS = "$(inherited) @executable_path/Frameworks @loader_path/Frameworks";
				PRODUCT_BUNDLE_IDENTIFIER = kr.co.solulink.RecordSampleUITests;
				PRODUCT_NAME = "$(TARGET_NAME)";
				SWIFT_VERSION = 4.0;
				TARGETED_DEVICE_FAMILY = "1,2";
				TEST_TARGET_NAME = RecordSample;
			};
			name = Debug;
		};
		8E3366D32008FACF00248927 /* Release */ = {
			isa = XCBuildConfiguration;
			buildSettings = {
				ALWAYS_EMBED_SWIFT_STANDARD_LIBRARIES = YES;
				CODE_SIGN_STYLE = Automatic;
				DEVELOPMENT_TEAM = QX8PX4LLE6;
				INFOPLIST_FILE = RecordSampleUITests/Info.plist;
				LD_RUNPATH_SEARCH_PATHS = "$(inherited) @executable_path/Frameworks @loader_path/Frameworks";
				PRODUCT_BUNDLE_IDENTIFIER = kr.co.solulink.RecordSampleUITests;
				PRODUCT_NAME = "$(TARGET_NAME)";
				SWIFT_VERSION = 4.0;
				TARGETED_DEVICE_FAMILY = "1,2";
				TEST_TARGET_NAME = RecordSample;
			};
			name = Release;
		};
/* End XCBuildConfiguration section */

/* Begin XCConfigurationList section */
		8E33669E2008FACF00248927 /* Build configuration list for PBXProject "RecordSample" */ = {
			isa = XCConfigurationList;
			buildConfigurations = (
				8E3366C92008FACF00248927 /* Debug */,
				8E3366CA2008FACF00248927 /* Release */,
			);
			defaultConfigurationIsVisible = 0;
			defaultConfigurationName = Release;
		};
		8E3366CB2008FACF00248927 /* Build configuration list for PBXNativeTarget "RecordSample" */ = {
			isa = XCConfigurationList;
			buildConfigurations = (
				8E3366CC2008FACF00248927 /* Debug */,
				8E3366CD2008FACF00248927 /* Release */,
			);
			defaultConfigurationIsVisible = 0;
			defaultConfigurationName = Release;
		};
		8E3366CE2008FACF00248927 /* Build configuration list for PBXNativeTarget "RecordSampleTests" */ = {
			isa = XCConfigurationList;
			buildConfigurations = (
				8E3366CF2008FACF00248927 /* Debug */,
				8E3366D02008FACF00248927 /* Release */,
			);
			defaultConfigurationIsVisible = 0;
			defaultConfigurationName = Release;
		};
		8E3366D12008FACF00248927 /* Build configuration list for PBXNativeTarget "RecordSampleUITests" */ = {
			isa = XCConfigurationList;
			buildConfigurations = (
				8E3366D22008FACF00248927 /* Debug */,
				8E3366D32008FACF00248927 /* Release */,
			);
			defaultConfigurationIsVisible = 0;
			defaultConfigurationName = Release;
		};
/* End XCConfigurationList section */
	};
	rootObject = 8E33669B2008FACF00248927 /* Project object */;
}
